{
  "requires": true,
  "lockfileVersion": 1,
  "dependencies": {
    "jquery": {
      "version": "3.3.1",
      "resolved": "https://registry.npmjs.org/jquery/-/jquery-3.3.1.tgz",
      "integrity": "sha512-Ubldcmxp5np52/ENotGxlLe6aGMvmF4R8S6tZjsP6Knsaxd/xp3Zrh50cG93lR6nPXyUFwzN3ZSOQI0wRJNdGg=="
    },
    "jquery.fancytree": {
      "version": "2.30.1",
      "resolved": "https://registry.npmjs.org/jquery.fancytree/-/jquery.fancytree-2.30.1.tgz",
      "integrity": "sha512-nTH87Af/XXMSmO91himyXLUBNNhscoGWJ7/xQrxm97JDLYQRk03OS3aHL28r6YXMSIfyGIRnEm1JgUXzb/lH2A==",
      "requires": {
        "jquery": "3.3.1"
      }
    }
  }
}
